
Microsoft Visual Studio Solution File, Format Version 12.00
# Visual Studio Version 16
VisualStudioVersion = 16.0.32602.291
MinimumVisualStudioVersion = 10.0.40219.1
Project("{FAE04EC0-301F-11D3-BF4B-00C04F79EFBC}") = "Homework4", "Homework4\Homework4.csproj", "{9F6937D0-CDA6-4EFC-B78F-CF636184A75E}"
EndProject
Global
	GlobalSection(SolutionConfigurationPlatforms) = preSolution
		Debug|Any CPU = Debug|Any CPU
		Release|Any CPU = Release|Any CPU
	EndGlobalSection
	GlobalSection(ProjectConfigurationPlatforms) = postSolution
		{9F6937D0-CDA6-4EFC-B78F-CF636184A75E}.Debug|Any CPU.ActiveCfg = Debug|Any CPU
		{9F6937D0-CDA6-4EFC-B78F-CF636184A75E}.Debug|Any CPU.Build.0 = Debug|Any CPU
		{9F6937D0-CDA6-4EFC-B78F-CF636184A75E}.Release|Any CPU.ActiveCfg = Release|Any CPU
		{9F6937D0-CDA6-4EFC-B78F-CF636184A75E}.Release|Any CPU.Build.0 = Release|Any CPU
	EndGlobalSection
	GlobalSection(SolutionProperties) = preSolution
		HideSolutionNode = FALSE
	EndGlobalSection
	GlobalSection(ExtensibilityGlobals) = postSolution
		SolutionGuid = {F8D0A92B-80A6-45E6-B9C4-ACBA6F57C402}
	EndGlobalSection
EndGlobal
